
Microsoft Visual Studio Solution File, Format Version 12.00
# Visual Studio Version 17
VisualStudioVersion = 17.3.32922.545
MinimumVisualStudioVersion = 10.0.40219.1
Project("{888888A0-9F3D-457C-B088-3A5042F75D52}") = "pic_sorter", "pic_sorter.pyproj", "{4213BC11-B9B0-47B8-BEEB-A6B23799B39B}"
EndProject
Global
	GlobalSection(SolutionConfigurationPlatforms) = preSolution
		Debug|Any CPU = Debug|Any CPU
		Release|Any CPU = Release|Any CPU
	EndGlobalSection
	GlobalSection(ProjectConfigurationPlatforms) = postSolution
		{4213BC11-B9B0-47B8-BEEB-A6B23799B39B}.Debug|Any CPU.ActiveCfg = Debug|Any CPU
		{4213BC11-B9B0-47B8-BEEB-A6B23799B39B}.Release|Any CPU.ActiveCfg = Release|Any CPU
	EndGlobalSection
	GlobalSection(SolutionProperties) = preSolution
		HideSolutionNode = FALSE
	EndGlobalSection
	GlobalSection(ExtensibilityGlobals) = postSolution
		SolutionGuid = {8D7A2956-E9DF-4F6A-81C8-BAF6A798F157}
	EndGlobalSection
EndGlobal
